
Microsoft Visual Studio Solution File, Format Version 12.00
# Visual Studio Version 17
VisualStudioVersion = 17.4.33403.182
MinimumVisualStudioVersion = 10.0.40219.1
Project("{FAE04EC0-301F-11D3-BF4B-00C04F79EFBC}") = "Simple Far Manager", "Simple Far Manager\Simple Far Manager.csproj", "{70732929-CC62-4A77-97CA-E2676F74040D}"
EndProject
Global
	GlobalSection(SolutionConfigurationPlatforms) = preSolution
		Debug|Any CPU = Debug|Any CPU
		Release|Any CPU = Release|Any CPU
	EndGlobalSection
	GlobalSection(ProjectConfigurationPlatforms) = postSolution
		{70732929-CC62-4A77-97CA-E2676F74040D}.Debug|Any CPU.ActiveCfg = Debug|Any CPU
		{70732929-CC62-4A77-97CA-E2676F74040D}.Debug|Any CPU.Build.0 = Debug|Any CPU
		{70732929-CC62-4A77-97CA-E2676F74040D}.Release|Any CPU.ActiveCfg = Release|Any CPU
		{70732929-CC62-4A77-97CA-E2676F74040D}.Release|Any CPU.Build.0 = Release|Any CPU
	EndGlobalSection
	GlobalSection(SolutionProperties) = preSolution
		HideSolutionNode = FALSE
	EndGlobalSection
	GlobalSection(ExtensibilityGlobals) = postSolution
		SolutionGuid = {32CAE516-FE32-43D3-9950-F934324F11CF}
	EndGlobalSection
EndGlobal
